
Microsoft Visual Studio Solution File, Format Version 12.00
# Visual Studio Version 17
VisualStudioVersion = 17.7.34031.279
MinimumVisualStudioVersion = 10.0.40219.1
Project("{FAE04EC0-301F-11D3-BF4B-00C04F79EFBC}") = "Server", "Server.csproj", "{68A79131-E0AD-4972-B62F-66AAE0E2B00F}"
EndProject
Global
	GlobalSection(SolutionConfigurationPlatforms) = preSolution
		Debug|Any CPU = Debug|Any CPU
		Release|Any CPU = Release|Any CPU
	EndGlobalSection
	GlobalSection(ProjectConfigurationPlatforms) = postSolution
		{68A79131-E0AD-4972-B62F-66AAE0E2B00F}.Debug|Any CPU.ActiveCfg = Debug|Any CPU
		{68A79131-E0AD-4972-B62F-66AAE0E2B00F}.Debug|Any CPU.Build.0 = Debug|Any CPU
		{68A79131-E0AD-4972-B62F-66AAE0E2B00F}.Release|Any CPU.ActiveCfg = Release|Any CPU
		{68A79131-E0AD-4972-B62F-66AAE0E2B00F}.Release|Any CPU.Build.0 = Release|Any CPU
	EndGlobalSection
	GlobalSection(SolutionProperties) = preSolution
		HideSolutionNode = FALSE
	EndGlobalSection
	GlobalSection(ExtensibilityGlobals) = postSolution
		SolutionGuid = {1A8CCC3C-1D28-47BF-B727-BFB68F611B65}
	EndGlobalSection
EndGlobal
